
Microsoft Visual Studio Solution File, Format Version 12.00
# Visual Studio Version 17
VisualStudioVersion = 17.7.34221.43
MinimumVisualStudioVersion = 10.0.40219.1
Project("{FAE04EC0-301F-11D3-BF4B-00C04F79EFBC}") = "Nexus Examples", "Nexus Examples.csproj", "{220503EA-70DA-4DED-A224-89F6CC367388}"
EndProject
Global
	GlobalSection(SolutionConfigurationPlatforms) = preSolution
		Debug|Any CPU = Debug|Any CPU
		Release|Any CPU = Release|Any CPU
	EndGlobalSection
	GlobalSection(ProjectConfigurationPlatforms) = postSolution
		{220503EA-70DA-4DED-A224-89F6CC367388}.Debug|Any CPU.ActiveCfg = Debug|Any CPU
		{220503EA-70DA-4DED-A224-89F6CC367388}.Debug|Any CPU.Build.0 = Debug|Any CPU
		{220503EA-70DA-4DED-A224-89F6CC367388}.Release|Any CPU.ActiveCfg = Release|Any CPU
		{220503EA-70DA-4DED-A224-89F6CC367388}.Release|Any CPU.Build.0 = Release|Any CPU
	EndGlobalSection
	GlobalSection(SolutionProperties) = preSolution
		HideSolutionNode = FALSE
	EndGlobalSection
	GlobalSection(ExtensibilityGlobals) = postSolution
		SolutionGuid = {E83D9296-BFCA-492A-96FC-DE4BE79C3751}
	EndGlobalSection
EndGlobal
